github.com/seehuhn/mt19937 v1.0.0 h1:r02DuVkQXfohssWZO8L/TeAlYOah7aNNubEHB/7Vtfs=
github.com/seehuhn/mt19937 v1.0.0/go.mod h1:RikyXajNu+1Gqxm4hOacc3ckyWRd0usF6IkE3gnEcAM=
github.com/sw965/crow v0.0.0-20221116124031-3eb8b3b15b77 h1:3/LFg304HhS4JpXXso8QYSuPtwgjhDjL3Fswga/1C4I=
github.com/sw965/crow v0.0.0-20221116124031-3eb8b3b15b77/go.mod h1:Rj2eHGdmoAl9YZevjqd4nve3PcX/xir4BkvBUyuJefU=
github.com/sw965/omw v0.0.0-20221107145517-6a56e2b0114a h1:D+zjaKIS4cEZbuy0Ns7F/+IiM5KdSCOzCK8jqVveaJs=
github.com/sw965/omw v0.0.0-20221107145517-6a56e2b0114a/go.mod h1:lMA+LCPnlJ0N94gIOibA9o3SnxuP20qbxJEXFWdai5c=
